
Microsoft Visual Studio Solution File, Format Version 12.00
# Visual Studio Version 16
VisualStudioVersion = 16.0.31129.286
MinimumVisualStudioVersion = 10.0.40219.1
Project("{FAE04EC0-301F-11D3-BF4B-00C04F79EFBC}") = "MotoDeti", "MotoDeti\MotoDeti.csproj", "{70448679-462A-4E52-8A56-D2F5289B6932}"
EndProject
Global
	GlobalSection(SolutionConfigurationPlatforms) = preSolution
		Debug|Any CPU = Debug|Any CPU
		Release|Any CPU = Release|Any CPU
	EndGlobalSection
	GlobalSection(ProjectConfigurationPlatforms) = postSolution
		{70448679-462A-4E52-8A56-D2F5289B6932}.Debug|Any CPU.ActiveCfg = Debug|Any CPU
		{70448679-462A-4E52-8A56-D2F5289B6932}.Debug|Any CPU.Build.0 = Debug|Any CPU
		{70448679-462A-4E52-8A56-D2F5289B6932}.Release|Any CPU.ActiveCfg = Release|Any CPU
		{70448679-462A-4E52-8A56-D2F5289B6932}.Release|Any CPU.Build.0 = Release|Any CPU
	EndGlobalSection
	GlobalSection(SolutionProperties) = preSolution
		HideSolutionNode = FALSE
	EndGlobalSection
	GlobalSection(ExtensibilityGlobals) = postSolution
		SolutionGuid = {8A494B26-17D3-4CCB-8FB9-10B08D9C4DB7}
	EndGlobalSection
EndGlobal
